// !$*UTF8*$!
{
	archiveVersion = 1;
	classes = {
	};
	objectVersion = 46;
	objects = {

/* Begin PBXBuildFile section */
		F810731C1C7E98A700FEFA7C /* StarFunctions.m in Sources */ = {isa = PBXBuildFile; fileRef = F810731B1C7E98A700FEFA7C /* StarFunctions.m */; };
		F812403E1C74254A0050E620 /* README.md in Sources */ = {isa = PBXBuildFile; fileRef = F812403D1C74254A0050E620 /* README.md */; };
		F81240401C7427DC0050E620 /* Dispatch-Extension.swift in Sources */ = {isa = PBXBuildFile; fileRef = F812403F1C7427DC0050E620 /* Dispatch-Extension.swift */; };
		F83C54B21C76C8E000B03BCF /* ConsoleLinkConfig.swift in Sources */ = {isa = PBXBuildFile; fileRef = F83C54B11C76C8E000B03BCF /* ConsoleLinkConfig.swift */; };
		F83C54CA1C76D04C00B03BCF /* Constraint.swift in Sources */ = {isa = PBXBuildFile; fileRef = F83C54BC1C76D04C00B03BCF /* Constraint.swift */; };
		F83C54CB1C76D04C00B03BCF /* ConstraintAttributes.swift in Sources */ = {isa = PBXBuildFile; fileRef = F83C54BD1C76D04C00B03BCF /* ConstraintAttributes.swift */; };
		F83C54CC1C76D04C00B03BCF /* ConstraintDescription.swift in Sources */ = {isa = PBXBuildFile; fileRef = F83C54BE1C76D04C00B03BCF /* ConstraintDescription.swift */; };
		F83C54CD1C76D04C00B03BCF /* ConstraintItem.swift in Sources */ = {isa = PBXBuildFile; fileRef = F83C54BF1C76D04C00B03BCF /* ConstraintItem.swift */; };
		F83C54CE1C76D04C00B03BCF /* ConstraintMaker.swift in Sources */ = {isa = PBXBuildFile; fileRef = F83C54C01C76D04C00B03BCF /* ConstraintMaker.swift */; };
		F83C54CF1C76D04C00B03BCF /* ConstraintRelation.swift in Sources */ = {isa = PBXBuildFile; fileRef = F83C54C11C76D04C00B03BCF /* ConstraintRelation.swift */; };
		F83C54D01C76D04C00B03BCF /* Debugging.swift in Sources */ = {isa = PBXBuildFile; fileRef = F83C54C21C76D04C00B03BCF /* Debugging.swift */; };
		F83C54D11C76D04C00B03BCF /* EdgeInsets.swift in Sources */ = {isa = PBXBuildFile; fileRef = F83C54C31C76D04C00B03BCF /* EdgeInsets.swift */; };
		F83C54D21C76D04C00B03BCF /* Info.plist in Resources */ = {isa = PBXBuildFile; fileRef = F83C54C41C76D04C00B03BCF /* Info.plist */; };
		F83C54D31C76D04C00B03BCF /* LayoutConstraint.swift in Sources */ = {isa = PBXBuildFile; fileRef = F83C54C51C76D04C00B03BCF /* LayoutConstraint.swift */; };
		F83C54D41C76D04C00B03BCF /* SnapKit.swift in Sources */ = {isa = PBXBuildFile; fileRef = F83C54C71C76D04C00B03BCF /* SnapKit.swift */; };
		F83C54D51C76D04C00B03BCF /* View+SnapKit.swift in Sources */ = {isa = PBXBuildFile; fileRef = F83C54C81C76D04C00B03BCF /* View+SnapKit.swift */; };
		F83C54D61C76D04C00B03BCF /* ViewController+SnapKit.swift in Sources */ = {isa = PBXBuildFile; fileRef = F83C54C91C76D04C00B03BCF /* ViewController+SnapKit.swift */; };
		F83C54DF1C76D5D500B03BCF /* SettingsWindowController.swift in Sources */ = {isa = PBXBuildFile; fileRef = F83C54DD1C76D5D500B03BCF /* SettingsWindowController.swift */; };
		F83C54E01C76D5D500B03BCF /* SettingsWindowController.xib in Resources */ = {isa = PBXBuildFile; fileRef = F83C54DE1C76D5D500B03BCF /* SettingsWindowController.xib */; };
		F83C54E41C76FE1800B03BCF /* LogColorKit.m in Sources */ = {isa = PBXBuildFile; fileRef = F83C54E31C76FE1800B03BCF /* LogColorKit.m */; };
		F8B809371C63255300853EA8 /* NSColor-Extension.swift in Sources */ = {isa = PBXBuildFile; fileRef = F8B809361C63255300853EA8 /* NSColor-Extension.swift */; };
		F8F804A71C5A1EBC00391DD0 /* NSDate-Extension.swift in Sources */ = {isa = PBXBuildFile; fileRef = F8F804A11C5A1EBC00391DD0 /* NSDate-Extension.swift */; };
		F8F804A81C5A1EBC00391DD0 /* NSTextStorage-Extension.swift in Sources */ = {isa = PBXBuildFile; fileRef = F8F804A21C5A1EBC00391DD0 /* NSTextStorage-Extension.swift */; };
		F8F804A91C5A1EBC00391DD0 /* NSTextView-Extension.swift in Sources */ = {isa = PBXBuildFile; fileRef = F8F804A31C5A1EBC00391DD0 /* NSTextView-Extension.swift */; };
		F8F804AA1C5A1EBC00391DD0 /* Operator-Extension.swift in Sources */ = {isa = PBXBuildFile; fileRef = F8F804A41C5A1EBC00391DD0 /* Operator-Extension.swift */; };
		F8F804AB1C5A1EBC00391DD0 /* String-Extension.swift in Sources */ = {isa = PBXBuildFile; fileRef = F8F804A51C5A1EBC00391DD0 /* String-Extension.swift */; };
		F8FC45ED1C59E7570037FEE5 /* StarConsoleLink.xcscheme in Resources */ = {isa = PBXBuildFile; fileRef = F8FC45EC1C59E7570037FEE5 /* StarConsoleLink.xcscheme */; };
		F8FC45EF1C59E7570037FEE5 /* StarConsoleLink.swift in Sources */ = {isa = PBXBuildFile; fileRef = F8FC45EE1C59E7570037FEE5 /* StarConsoleLink.swift */; };
		F8FC45F11C59E7570037FEE5 /* NSObject-Extension.swift in Sources */ = {isa = PBXBuildFile; fileRef = F8FC45F01C59E7570037FEE5 /* NSObject-Extension.swift */; };
		F8FC461F1C59E7EB0037FEE5 /* JRSwizzle.m in Sources */ = {isa = PBXBuildFile; fileRef = F8FC461A1C59E7EB0037FEE5 /* JRSwizzle.m */; };
		F8FC46211C59E7EB0037FEE5 /* PluginHelper.swift in Sources */ = {isa = PBXBuildFile; fileRef = F8FC461D1C59E7EB0037FEE5 /* PluginHelper.swift */; };
		F8FC46221C59E7EB0037FEE5 /* Logger.swift in Sources */ = {isa = PBXBuildFile; fileRef = F8FC461E1C59E7EB0037FEE5 /* Logger.swift */; };
/* End PBXBuildFile section */

/* Begin PBXFileReference section */
		F810731A1C7E98A700FEFA7C /* StarFunctions.h */ = {isa = PBXFileReference; fileEncoding = 4; lastKnownFileType = sourcecode.c.h; path = StarFunctions.h; sourceTree = "<group>"; };
		F810731B1C7E98A700FEFA7C /* StarFunctions.m */ = {isa = PBXFileReference; fileEncoding = 4; lastKnownFileType = sourcecode.c.objc; path = StarFunctions.m; sourceTree = "<group>"; };
		F812403D1C74254A0050E620 /* README.md */ = {isa = PBXFileReference; fileEncoding = 4; lastKnownFileType = net.daringfireball.markdown; path = README.md; sourceTree = "<group>"; };
		F812403F1C7427DC0050E620 /* Dispatch-Extension.swift */ = {isa = PBXFileReference; fileEncoding = 4; lastKnownFileType = sourcecode.swift; path = "Dispatch-Extension.swift"; sourceTree = "<group>"; };
		F83C54B11C76C8E000B03BCF /* ConsoleLinkConfig.swift */ = {isa = PBXFileReference; fileEncoding = 4; lastKnownFileType = sourcecode.swift; path = ConsoleLinkConfig.swift; sourceTree = "<group>"; };
		F83C54BC1C76D04C00B03BCF /* Constraint.swift */ = {isa = PBXFileReference; fileEncoding = 4; lastKnownFileType = sourcecode.swift; path = Constraint.swift; sourceTree = "<group>"; };
		F83C54BD1C76D04C00B03BCF /* ConstraintAttributes.swift */ = {isa = PBXFileReference; fileEncoding = 4; lastKnownFileType = sourcecode.swift; path = ConstraintAttributes.swift; sourceTree = "<group>"; };
		F83C54BE1C76D04C00B03BCF /* ConstraintDescription.swift */ = {isa = PBXFileReference; fileEncoding = 4; lastKnownFileType = sourcecode.swift; path = ConstraintDescription.swift; sourceTree = "<group>"; };
		F83C54BF1C76D04C00B03BCF /* ConstraintItem.swift */ = {isa = PBXFileReference; fileEncoding = 4; lastKnownFileType = sourcecode.swift; path = ConstraintItem.swift; sourceTree = "<group>"; };
		F83C54C01C76D04C00B03BCF /* ConstraintMaker.swift */ = {isa = PBXFileReference; fileEncoding = 4; lastKnownFileType = sourcecode.swift; path = ConstraintMaker.swift; sourceTree = "<group>"; };
		F83C54C11C76D04C00B03BCF /* ConstraintRelation.swift */ = {isa = PBXFileReference; fileEncoding = 4; lastKnownFileType = sourcecode.swift; path = ConstraintRelation.swift; sourceTree = "<group>"; };
		F83C54C21C76D04C00B03BCF /* Debugging.swift */ = {isa = PBXFileReference; fileEncoding = 4; lastKnownFileType = sourcecode.swift; path = Debugging.swift; sourceTree = "<group>"; };
		F83C54C31C76D04C00B03BCF /* EdgeInsets.swift */ = {isa = PBXFileReference; fileEncoding = 4; lastKnownFileType = sourcecode.swift; path = EdgeInsets.swift; sourceTree = "<group>"; };
		F83C54C41C76D04C00B03BCF /* Info.plist */ = {isa = PBXFileReference; fileEncoding = 4; lastKnownFileType = text.plist.xml; path = Info.plist; sourceTree = "<group>"; };
		F83C54C51C76D04C00B03BCF /* LayoutConstraint.swift */ = {isa = PBXFileReference; fileEncoding = 4; lastKnownFileType = sourcecode.swift; path = LayoutConstraint.swift; sourceTree = "<group>"; };
		F83C54C61C76D04C00B03BCF /* SnapKit.h */ = {isa = PBXFileReference; fileEncoding = 4; lastKnownFileType = sourcecode.c.h; path = SnapKit.h; sourceTree = "<group>"; };
		F83C54C71C76D04C00B03BCF /* SnapKit.swift */ = {isa = PBXFileReference; fileEncoding = 4; lastKnownFileType = sourcecode.swift; path = SnapKit.swift; sourceTree = "<group>"; };
		F83C54C81C76D04C00B03BCF /* View+SnapKit.swift */ = {isa = PBXFileReference; fileEncoding = 4; lastKnownFileType = sourcecode.swift; path = "View+SnapKit.swift"; sourceTree = "<group>"; };
		F83C54C91C76D04C00B03BCF /* ViewController+SnapKit.swift */ = {isa = PBXFileReference; fileEncoding = 4; lastKnownFileType = sourcecode.swift; path = "ViewController+SnapKit.swift"; sourceTree = "<group>"; };
		F83C54DD1C76D5D500B03BCF /* SettingsWindowController.swift */ = {isa = PBXFileReference; fileEncoding = 4; lastKnownFileType = sourcecode.swift; path = SettingsWindowController.swift; sourceTree = "<group>"; };
		F83C54DE1C76D5D500B03BCF /* SettingsWindowController.xib */ = {isa = PBXFileReference; fileEncoding = 4; lastKnownFileType = file.xib; path = SettingsWindowController.xib; sourceTree = "<group>"; };
		F83C54E21C76FE1800B03BCF /* LogColorKit.h */ = {isa = PBXFileReference; fileEncoding = 4; lastKnownFileType = sourcecode.c.h; path = LogColorKit.h; sourceTree = "<group>"; };
		F83C54E31C76FE1800B03BCF /* LogColorKit.m */ = {isa = PBXFileReference; fileEncoding = 4; lastKnownFileType = sourcecode.c.objc; path = LogColorKit.m; sourceTree = "<group>"; };
		F8B809361C63255300853EA8 /* NSColor-Extension.swift */ = {isa = PBXFileReference; fileEncoding = 4; lastKnownFileType = sourcecode.swift; path = "NSColor-Extension.swift"; sourceTree = "<group>"; };
		F8F804A11C5A1EBC00391DD0 /* NSDate-Extension.swift */ = {isa = PBXFileReference; fileEncoding = 4; lastKnownFileType = sourcecode.swift; path = "NSDate-Extension.swift"; sourceTree = "<group>"; };
		F8F804A21C5A1EBC00391DD0 /* NSTextStorage-Extension.swift */ = {isa = PBXFileReference; fileEncoding = 4; lastKnownFileType = sourcecode.swift; name = "NSTextStorage-Extension.swift"; path = "Extensions/NSTextStorage-Extension.swift"; sourceTree = "<group>"; };
		F8F804A31C5A1EBC00391DD0 /* NSTextView-Extension.swift */ = {isa = PBXFileReference; fileEncoding = 4; lastKnownFileType = sourcecode.swift; name = "NSTextView-Extension.swift"; path = "Extensions/NSTextView-Extension.swift"; sourceTree = "<group>"; };
		F8F804A41C5A1EBC00391DD0 /* Operator-Extension.swift */ = {isa = PBXFileReference; fileEncoding = 4; lastKnownFileType = sourcecode.swift; path = "Operator-Extension.swift"; sourceTree = "<group>"; };
		F8F804A51C5A1EBC00391DD0 /* String-Extension.swift */ = {isa = PBXFileReference; fileEncoding = 4; lastKnownFileType = sourcecode.swift; path = "String-Extension.swift"; sourceTree = "<group>"; };
		F8FC45E81C59E7570037FEE5 /* StarConsoleLink.xcplugin */ = {isa = PBXFileReference; explicitFileType = wrapper.cfbundle; includeInIndex = 0; path = StarConsoleLink.xcplugin; sourceTree = BUILT_PRODUCTS_DIR; };
		F8FC45EC1C59E7570037FEE5 /* StarConsoleLink.xcscheme */ = {isa = PBXFileReference; lastKnownFileType = text.xml; name = StarConsoleLink.xcscheme; path = StarConsoleLink.xcodeproj/xcshareddata/xcschemes/StarConsoleLink.xcscheme; sourceTree = SOURCE_ROOT; };
		F8FC45EE1C59E7570037FEE5 /* StarConsoleLink.swift */ = {isa = PBXFileReference; lastKnownFileType = sourcecode.swift; path = StarConsoleLink.swift; sourceTree = "<group>"; };
		F8FC45F01C59E7570037FEE5 /* NSObject-Extension.swift */ = {isa = PBXFileReference; lastKnownFileType = sourcecode.swift; path = "NSObject-Extension.swift"; sourceTree = "<group>"; };
		F8FC45F21C59E7570037FEE5 /* Info.plist */ = {isa = PBXFileReference; lastKnownFileType = text.plist.xml; path = Info.plist; sourceTree = "<group>"; };
		F8FC46141C59E7D50037FEE5 /* StarConsoleLink-Bridging-Header.h */ = {isa = PBXFileReference; lastKnownFileType = sourcecode.c.h; path = "StarConsoleLink-Bridging-Header.h"; sourceTree = "<group>"; };
		F8FC46191C59E7EB0037FEE5 /* JRSwizzle.h */ = {isa = PBXFileReference; fileEncoding = 4; lastKnownFileType = sourcecode.c.h; path = JRSwizzle.h; sourceTree = "<group>"; };
		F8FC461A1C59E7EB0037FEE5 /* JRSwizzle.m */ = {isa = PBXFileReference; fileEncoding = 4; lastKnownFileType = sourcecode.c.objc; path = JRSwizzle.m; sourceTree = "<group>"; };
		F8FC461D1C59E7EB0037FEE5 /* PluginHelper.swift */ = {isa = PBXFileReference; fileEncoding = 4; lastKnownFileType = sourcecode.swift; path = PluginHelper.swift; sourceTree = "<group>"; };
		F8FC461E1C59E7EB0037FEE5 /* Logger.swift */ = {isa = PBXFileReference; fileEncoding = 4; lastKnownFileType = sourcecode.swift; path = Logger.swift; sourceTree = "<group>"; };
/* End PBXFileReference section */

/* Begin PBXFrameworksBuildPhase section */
		F8B3742F1C5F9A3D00DF4C91 /* Frameworks */ = {
			isa = PBXFrameworksBuildPhase;
			buildActionMask = 2147483647;
			files = (
			);
			runOnlyForDeploymentPostprocessing = 0;
		};
/* End PBXFrameworksBuildPhase section */

/* Begin PBXGroup section */
		F83C54AF1C76C8A600B03BCF /* Business */ = {
			isa = PBXGroup;
			children = (
				F83C54E11C76FDF200B03BCF /* LogColor */,
				F83C54B01C76C8CE00B03BCF /* Settings */,
			);
			path = Business;
			sourceTree = "<group>";
		};
		F83C54B01C76C8CE00B03BCF /* Settings */ = {
			isa = PBXGroup;
			children = (
				F83C54B11C76C8E000B03BCF /* ConsoleLinkConfig.swift */,
				F83C54DD1C76D5D500B03BCF /* SettingsWindowController.swift */,
				F83C54DE1C76D5D500B03BCF /* SettingsWindowController.xib */,
			);
			path = Settings;
			sourceTree = "<group>";
		};
		F83C54BB1C76D04C00B03BCF /* SnapKit */ = {
			isa = PBXGroup;
			children = (
				F83C54BC1C76D04C00B03BCF /* Constraint.swift */,
				F83C54BD1C76D04C00B03BCF /* ConstraintAttributes.swift */,
				F83C54BE1C76D04C00B03BCF /* ConstraintDescription.swift */,
				F83C54BF1C76D04C00B03BCF /* ConstraintItem.swift */,
				F83C54C01C76D04C00B03BCF /* ConstraintMaker.swift */,
				F83C54C11C76D04C00B03BCF /* ConstraintRelation.swift */,
				F83C54C21C76D04C00B03BCF /* Debugging.swift */,
				F83C54C31C76D04C00B03BCF /* EdgeInsets.swift */,
				F83C54C41C76D04C00B03BCF /* Info.plist */,
				F83C54C51C76D04C00B03BCF /* LayoutConstraint.swift */,
				F83C54C61C76D04C00B03BCF /* SnapKit.h */,
				F83C54C71C76D04C00B03BCF /* SnapKit.swift */,
				F83C54C81C76D04C00B03BCF /* View+SnapKit.swift */,
				F83C54C91C76D04C00B03BCF /* ViewController+SnapKit.swift */,
			);
			path = SnapKit;
			sourceTree = "<group>";
		};
		F83C54E11C76FDF200B03BCF /* LogColor */ = {
			isa = PBXGroup;
			children = (
				F83C54E21C76FE1800B03BCF /* LogColorKit.h */,
				F83C54E31C76FE1800B03BCF /* LogColorKit.m */,
			);
			path = LogColor;
			sourceTree = "<group>";
		};
		F8FC45E01C59E7570037FEE5 = {
			isa = PBXGroup;
			children = (
				F8FC45EA1C59E7570037FEE5 /* StarConsoleLink */,
				F8FC45E91C59E7570037FEE5 /* Products */,
				F812403D1C74254A0050E620 /* README.md */,
			);
			sourceTree = "<group>";
		};
		F8FC45E91C59E7570037FEE5 /* Products */ = {
			isa = PBXGroup;
			children = (
				F8FC45E81C59E7570037FEE5 /* StarConsoleLink.xcplugin */,
			);
			name = Products;
			sourceTree = "<group>";
		};
		F8FC45EA1C59E7570037FEE5 /* StarConsoleLink */ = {
			isa = PBXGroup;
			children = (
				F8FC46181C59E7EB0037FEE5 /* Plugin */,
				F8FC45F81C59E79C0037FEE5 /* Extensions */,
				F83C54AF1C76C8A600B03BCF /* Business */,
				F8F804A21C5A1EBC00391DD0 /* NSTextStorage-Extension.swift */,
				F8F804A31C5A1EBC00391DD0 /* NSTextView-Extension.swift */,
				F8FC45F01C59E7570037FEE5 /* NSObject-Extension.swift */,
				F8FC45EE1C59E7570037FEE5 /* StarConsoleLink.swift */,
				F8FC45F21C59E7570037FEE5 /* Info.plist */,
				F8FC45EB1C59E7570037FEE5 /* Supporting Files */,
				F8FC46141C59E7D50037FEE5 /* StarConsoleLink-Bridging-Header.h */,
			);
			path = StarConsoleLink;
			sourceTree = "<group>";
		};
		F8FC45EB1C59E7570037FEE5 /* Supporting Files */ = {
			isa = PBXGroup;
			children = (
				F8FC45EC1C59E7570037FEE5 /* StarConsoleLink.xcscheme */,
			);
			name = "Supporting Files";
			sourceTree = "<group>";
		};
		F8FC45F81C59E79C0037FEE5 /* Extensions */ = {
			isa = PBXGroup;
			children = (
				F812403F1C7427DC0050E620 /* Dispatch-Extension.swift */,
				F8F804A11C5A1EBC00391DD0 /* NSDate-Extension.swift */,
				F8F804A41C5A1EBC00391DD0 /* Operator-Extension.swift */,
				F8F804A51C5A1EBC00391DD0 /* String-Extension.swift */,
				F8B809361C63255300853EA8 /* NSColor-Extension.swift */,
			);
			path = Extensions;
			sourceTree = "<group>";
		};
		F8FC46181C59E7EB0037FEE5 /* Plugin */ = {
			isa = PBXGroup;
			children = (
				F83C54BB1C76D04C00B03BCF /* SnapKit */,
				F810731A1C7E98A700FEFA7C /* StarFunctions.h */,
				F810731B1C7E98A700FEFA7C /* StarFunctions.m */,
				F8FC46191C59E7EB0037FEE5 /* JRSwizzle.h */,
				F8FC461A1C59E7EB0037FEE5 /* JRSwizzle.m */,
				F8FC461D1C59E7EB0037FEE5 /* PluginHelper.swift */,
				F8FC461E1C59E7EB0037FEE5 /* Logger.swift */,
			);
			path = Plugin;
			sourceTree = "<group>";
		};
/* End PBXGroup section */

/* Begin PBXNativeTarget section */
		F8FC45E71C59E7570037FEE5 /* StarConsoleLink */ = {
			isa = PBXNativeTarget;
			buildConfigurationList = F8FC45F51C59E7570037FEE5 /* Build configuration list for PBXNativeTarget "StarConsoleLink" */;
			buildPhases = (
				F8FC45E51C59E7570037FEE5 /* Sources */,
				F8FC45E61C59E7570037FEE5 /* Resources */,
				F8B3742F1C5F9A3D00DF4C91 /* Frameworks */,
			);
			buildRules = (
			);
			dependencies = (
			);
			name = StarConsoleLink;
			productName = StarConsoleLink;
			productReference = F8FC45E81C59E7570037FEE5 /* StarConsoleLink.xcplugin */;
			productType = "com.apple.product-type.bundle";
		};
/* End PBXNativeTarget section */

/* Begin PBXProject section */
		F8FC45E11C59E7570037FEE5 /* Project object */ = {
			isa = PBXProject;
			attributes = {
				LastSwiftUpdateCheck = 0720;
				LastUpgradeCheck = 0720;
				ORGANIZATIONNAME = AbsoluteStar;
				TargetAttributes = {
					F8FC45E71C59E7570037FEE5 = {
						CreatedOnToolsVersion = 7.2;
					};
				};
			};
			buildConfigurationList = F8FC45E41C59E7570037FEE5 /* Build configuration list for PBXProject "StarConsoleLink" */;
			compatibilityVersion = "Xcode 3.2";
			developmentRegion = English;
			hasScannedForEncodings = 0;
			knownRegions = (
				en,
			);
			mainGroup = F8FC45E01C59E7570037FEE5;
			productRefGroup = F8FC45E91C59E7570037FEE5 /* Products */;
			projectDirPath = "";
			projectRoot = "";
			targets = (
				F8FC45E71C59E7570037FEE5 /* StarConsoleLink */,
			);
		};
/* End PBXProject section */

/* Begin PBXResourcesBuildPhase section */
		F8FC45E61C59E7570037FEE5 /* Resources */ = {
			isa = PBXResourcesBuildPhase;
			buildActionMask = 2147483647;
			files = (
				F8FC45ED1C59E7570037FEE5 /* StarConsoleLink.xcscheme in Resources */,
				F83C54E01C76D5D500B03BCF /* SettingsWindowController.xib in Resources */,
				F83C54D21C76D04C00B03BCF /* Info.plist in Resources */,
			);
			runOnlyForDeploymentPostprocessing = 0;
		};
/* End PBXResourcesBuildPhase section */

/* Begin PBXSourcesBuildPhase section */
		F8FC45E51C59E7570037FEE5 /* Sources */ = {
			isa = PBXSourcesBuildPhase;
			buildActionMask = 2147483647;
			files = (
				F83C54DF1C76D5D500B03BCF /* SettingsWindowController.swift in Sources */,
				F83C54D31C76D04C00B03BCF /* LayoutConstraint.swift in Sources */,
				F8B809371C63255300853EA8 /* NSColor-Extension.swift in Sources */,
				F83C54D41C76D04C00B03BCF /* SnapKit.swift in Sources */,
				F8F804A71C5A1EBC00391DD0 /* NSDate-Extension.swift in Sources */,
				F83C54CF1C76D04C00B03BCF /* ConstraintRelation.swift in Sources */,
				F83C54D51C76D04C00B03BCF /* View+SnapKit.swift in Sources */,
				F83C54CE1C76D04C00B03BCF /* ConstraintMaker.swift in Sources */,
				F83C54D61C76D04C00B03BCF /* ViewController+SnapKit.swift in Sources */,
				F83C54CA1C76D04C00B03BCF /* Constraint.swift in Sources */,
				F8F804A81C5A1EBC00391DD0 /* NSTextStorage-Extension.swift in Sources */,
				F8FC45EF1C59E7570037FEE5 /* StarConsoleLink.swift in Sources */,
				F8F804AA1C5A1EBC00391DD0 /* Operator-Extension.swift in Sources */,
				F83C54B21C76C8E000B03BCF /* ConsoleLinkConfig.swift in Sources */,
				F8FC46211C59E7EB0037FEE5 /* PluginHelper.swift in Sources */,
				F83C54D01C76D04C00B03BCF /* Debugging.swift in Sources */,
				F83C54CB1C76D04C00B03BCF /* ConstraintAttributes.swift in Sources */,
				F812403E1C74254A0050E620 /* README.md in Sources */,
				F83C54D11C76D04C00B03BCF /* EdgeInsets.swift in Sources */,
				F83C54CC1C76D04C00B03BCF /* ConstraintDescription.swift in Sources */,
				F8FC45F11C59E7570037FEE5 /* NSObject-Extension.swift in Sources */,
				F8F804A91C5A1EBC00391DD0 /* NSTextView-Extension.swift in Sources */,
				F8FC46221C59E7EB0037FEE5 /* Logger.swift in Sources */,
				F810731C1C7E98A700FEFA7C /* StarFunctions.m in Sources */,
				F8F804AB1C5A1EBC00391DD0 /* String-Extension.swift in Sources */,
				F81240401C7427DC0050E620 /* Dispatch-Extension.swift in Sources */,
				F83C54E41C76FE1800B03BCF /* LogColorKit.m in Sources */,
				F8FC461F1C59E7EB0037FEE5 /* JRSwizzle.m in Sources */,
				F83C54CD1C76D04C00B03BCF /* ConstraintItem.swift in Sources */,
			);
			runOnlyForDeploymentPostprocessing = 0;
		};
/* End PBXSourcesBuildPhase section */

/* Begin XCBuildConfiguration section */
		F8FC45F31C59E7570037FEE5 /* Debug */ = {
			isa = XCBuildConfiguration;
			buildSettings = {
				ALWAYS_SEARCH_USER_PATHS = NO;
				CLANG_CXX_LANGUAGE_STANDARD = "gnu++0x";
				CLANG_CXX_LIBRARY = "libc++";
				CLANG_ENABLE_MODULES = YES;
				CLANG_ENABLE_OBJC_ARC = YES;
				CLANG_WARN_BOOL_CONVERSION = YES;
				CLANG_WARN_CONSTANT_CONVERSION = YES;
				CLANG_WARN_DIRECT_OBJC_ISA_USAGE = YES_ERROR;
				CLANG_WARN_EMPTY_BODY = YES;
				CLANG_WARN_ENUM_CONVERSION = YES;
				CLANG_WARN_INT_CONVERSION = YES;
				CLANG_WARN_OBJC_ROOT_CLASS = YES_ERROR;
				CLANG_WARN_UNREACHABLE_CODE = YES;
				CLANG_WARN__DUPLICATE_METHOD_MATCH = YES;
				COPY_PHASE_STRIP = NO;
				DEBUG_INFORMATION_FORMAT = dwarf;
				ENABLE_STRICT_OBJC_MSGSEND = YES;
				ENABLE_TESTABILITY = YES;
				GCC_C_LANGUAGE_STANDARD = gnu99;
				GCC_DYNAMIC_NO_PIC = NO;
				GCC_NO_COMMON_BLOCKS = YES;
				GCC_OPTIMIZATION_LEVEL = 0;
				GCC_PREPROCESSOR_DEFINITIONS = (
					"DEBUG=1",
					"$(inherited)",
				);
				GCC_WARN_64_TO_32_BIT_CONVERSION = YES;
				GCC_WARN_ABOUT_RETURN_TYPE = YES_ERROR;
				GCC_WARN_UNDECLARED_SELECTOR = YES;
				GCC_WARN_UNINITIALIZED_AUTOS = YES_AGGRESSIVE;
				GCC_WARN_UNUSED_FUNCTION = YES;
				GCC_WARN_UNUSED_VARIABLE = YES;
				MTL_ENABLE_DEBUG_INFO = YES;
				ONLY_ACTIVE_ARCH = YES;
			};
			name = Debug;
		};
		F8FC45F41C59E7570037FEE5 /* Release */ = {
			isa = XCBuildConfiguration;
			buildSettings = {
				ALWAYS_SEARCH_USER_PATHS = NO;
				CLANG_CXX_LANGUAGE_STANDARD = "gnu++0x";
				CLANG_CXX_LIBRARY = "libc++";
				CLANG_ENABLE_MODULES = YES;
				CLANG_ENABLE_OBJC_ARC = YES;
				CLANG_WARN_BOOL_CONVERSION = YES;
				CLANG_WARN_CONSTANT_CONVERSION = YES;
				CLANG_WARN_DIRECT_OBJC_ISA_USAGE = YES_ERROR;
				CLANG_WARN_EMPTY_BODY = YES;
				CLANG_WARN_ENUM_CONVERSION = YES;
				CLANG_WARN_INT_CONVERSION = YES;
				CLANG_WARN_OBJC_ROOT_CLASS = YES_ERROR;
				CLANG_WARN_UNREACHABLE_CODE = YES;
				CLANG_WARN__DUPLICATE_METHOD_MATCH = YES;
				COPY_PHASE_STRIP = NO;
				DEBUG_INFORMATION_FORMAT = "dwarf-with-dsym";
				ENABLE_NS_ASSERTIONS = NO;
				ENABLE_STRICT_OBJC_MSGSEND = YES;
				GCC_C_LANGUAGE_STANDARD = gnu99;
				GCC_NO_COMMON_BLOCKS = YES;
				GCC_WARN_64_TO_32_BIT_CONVERSION = YES;
				GCC_WARN_ABOUT_RETURN_TYPE = YES_ERROR;
				GCC_WARN_UNDECLARED_SELECTOR = YES;
				GCC_WARN_UNINITIALIZED_AUTOS = YES_AGGRESSIVE;
				GCC_WARN_UNUSED_FUNCTION = YES;
				GCC_WARN_UNUSED_VARIABLE = YES;
				MTL_ENABLE_DEBUG_INFO = NO;
			};
			name = Release;
		};
		F8FC45F61C59E7570037FEE5 /* Debug */ = {
			isa = XCBuildConfiguration;
			buildSettings = {
				CLANG_ENABLE_MODULES = YES;
				COMBINE_HIDPI_IMAGES = YES;
				DEPLOYMENT_LOCATION = YES;
				DSTROOT = "$(HOME)";
				EMBEDDED_CONTENT_CONTAINS_SWIFT = YES;
				FRAMEWORK_SEARCH_PATHS = (
					"$(inherited)",
					"$(PROJECT_DIR)",
				);
				INFOPLIST_FILE = StarConsoleLink/Info.plist;
				INSTALL_PATH = "/Library/Application Support/Developer/Shared/Xcode/Plug-ins";
				LD_RUNPATH_SEARCH_PATHS = "$(DT_TOOLCHAIN_DIR)/usr/lib/swift/macosx";
				MACOSX_DEPLOYMENT_TARGET = 10.11;
				PRODUCT_BUNDLE_IDENTIFIER = iStar.AbsoluteStar.StarConsoleLink;
				PRODUCT_NAME = "$(TARGET_NAME)";
				SWIFT_OBJC_BRIDGING_HEADER = "StarConsoleLink/StarConsoleLink-Bridging-Header.h";
				SWIFT_OPTIMIZATION_LEVEL = "-Onone";
				WRAPPER_EXTENSION = xcplugin;
			};
			name = Debug;
		};
		F8FC45F71C59E7570037FEE5 /* Release */ = {
			isa = XCBuildConfiguration;
			buildSettings = {
				CLANG_ENABLE_MODULES = YES;
				COMBINE_HIDPI_IMAGES = YES;
				DEPLOYMENT_LOCATION = YES;
				DSTROOT = "$(HOME)";
				EMBEDDED_CONTENT_CONTAINS_SWIFT = YES;
				FRAMEWORK_SEARCH_PATHS = (
					"$(inherited)",
					"$(PROJECT_DIR)",
				);
				INFOPLIST_FILE = StarConsoleLink/Info.plist;
				INSTALL_PATH = "/Library/Application Support/Developer/Shared/Xcode/Plug-ins";
				LD_RUNPATH_SEARCH_PATHS = "$(DT_TOOLCHAIN_DIR)/usr/lib/swift/macosx";
				MACOSX_DEPLOYMENT_TARGET = 10.11;
				PRODUCT_BUNDLE_IDENTIFIER = iStar.AbsoluteStar.StarConsoleLink;
				PRODUCT_NAME = "$(TARGET_NAME)";
				SWIFT_OBJC_BRIDGING_HEADER = "StarConsoleLink/StarConsoleLink-Bridging-Header.h";
				WRAPPER_EXTENSION = xcplugin;
			};
			name = Release;
		};
/* End XCBuildConfiguration section */

/* Begin XCConfigurationList section */
		F8FC45E41C59E7570037FEE5 /* Build configuration list for PBXProject "StarConsoleLink" */ = {
			isa = XCConfigurationList;
			buildConfigurations = (
				F8FC45F31C59E7570037FEE5 /* Debug */,
				F8FC45F41C59E7570037FEE5 /* Release */,
			);
			defaultConfigurationIsVisible = 0;
			defaultConfigurationName = Release;
		};
		F8FC45F51C59E7570037FEE5 /* Build configuration list for PBXNativeTarget "StarConsoleLink" */ = {
			isa = XCConfigurationList;
			buildConfigurations = (
				F8FC45F61C59E7570037FEE5 /* Debug */,
				F8FC45F71C59E7570037FEE5 /* Release */,
			);
			defaultConfigurationIsVisible = 0;
			defaultConfigurationName = Release;
		};
/* End XCConfigurationList section */
	};
	rootObject = F8FC45E11C59E7570037FEE5 /* Project object */;
}
